
Microsoft Visual Studio Solution File, Format Version 12.00
# Visual Studio Version 16
VisualStudioVersion = 16.0.30218.91
MinimumVisualStudioVersion = 10.0.40219.1
Project("{2150E333-8FDC-42A3-9474-1A3956D46DE8}") = "Client", "Client", "{8EB54FEE-4199-40D7-B28B-1E4EACE4625A}"
EndProject
Project("{FAE04EC0-301F-11D3-BF4B-00C04F79EFBC}") = "CrmSolution.Client.MobileApp.Android", "src\Client\CrmSolution.Client.MobileApp.Android\CrmSolution.Client.MobileApp.Android.csproj", "{9B2C26A7-828F-488D-A043-37C5D838D777}"
EndProject
Project("{9A19103F-16F7-4668-BE54-9A1E7A4F7556}") = "CrmSolution.Client.MobileApp", "src\Client\CrmSolution.Client.MobileApp\CrmSolution.Client.MobileApp.csproj", "{94C70075-D61F-41F1-A3E1-0BBA1B196F30}"
EndProject
Project("{2150E333-8FDC-42A3-9474-1A3956D46DE8}") = "Shared", "Shared", "{E7AD13C3-52AC-4B2B-B228-78AC42CB541A}"
EndProject
Project("{D954291E-2A0B-460D-934E-DC6B0785DB48}") = "CrmSolution.Shared.Dto", "src\Shared\CrmSolution.Shared.Dto\CrmSolution.Shared.Dto.shproj", "{E8FC31E0-73DB-43E7-9E58-91A32BD5ACD6}"
EndProject
Project("{9A19103F-16F7-4668-BE54-9A1E7A4F7556}") = "CrmSolution.Client.Dto", "src\Client\CrmSolution.Client.Dto\CrmSolution.Client.Dto.csproj", "{FB6CFCB7-F25D-4868-9BD5-E2574B690B16}"
EndProject
Project("{2150E333-8FDC-42A3-9474-1A3956D46DE8}") = "Server", "Server", "{DD951D54-0040-4EAD-A52D-A745BC0989FD}"
EndProject
Project("{9A19103F-16F7-4668-BE54-9A1E7A4F7556}") = "CrmSolution.Server.Api", "src\Server\CrmSolution.Server.Api\CrmSolution.Server.Api.csproj", "{41C4F218-6D1C-43EC-B18B-425B888D47D0}"
EndProject
Project("{9A19103F-16F7-4668-BE54-9A1E7A4F7556}") = "CrmSolution.Server.Model", "src\Server\CrmSolution.Server.Model\CrmSolution.Server.Model.csproj", "{AEB1FDA7-F02B-45DE-ADDB-F7C4426C1F9A}"
EndProject
Project("{9A19103F-16F7-4668-BE54-9A1E7A4F7556}") = "CrmSolution.Server.Data", "src\Server\CrmSolution.Server.Data\CrmSolution.Server.Data.csproj", "{8E9BDCD0-1526-463A-8634-8A8D500C44A7}"
EndProject
Project("{2150E333-8FDC-42A3-9474-1A3956D46DE8}") = "Solution Items", "Solution Items", "{D1AAD68B-08D6-4451-A8F6-274F27ABE251}"
	ProjectSection(SolutionItems) = preProject
		BitConfig.json = BitConfig.json
	EndProjectSection
EndProject
Global
	GlobalSection(SharedMSBuildProjectFiles) = preSolution
		src\Shared\CrmSolution.Shared.Dto\CrmSolution.Shared.Dto.projitems*{41c4f218-6d1c-43ec-b18b-425b888d47d0}*SharedItemsImports = 5
		src\Shared\CrmSolution.Shared.Dto\CrmSolution.Shared.Dto.projitems*{e8fc31e0-73db-43e7-9e58-91a32bd5acd6}*SharedItemsImports = 13
		src\Shared\CrmSolution.Shared.Dto\CrmSolution.Shared.Dto.projitems*{fb6cfcb7-f25d-4868-9bd5-e2574b690b16}*SharedItemsImports = 5
	EndGlobalSection
	GlobalSection(SolutionConfigurationPlatforms) = preSolution
		Debug|Any CPU = Debug|Any CPU
		Release|Any CPU = Release|Any CPU
	EndGlobalSection
	GlobalSection(ProjectConfigurationPlatforms) = postSolution
		{9B2C26A7-828F-488D-A043-37C5D838D777}.Debug|Any CPU.ActiveCfg = Debug|Any CPU
		{9B2C26A7-828F-488D-A043-37C5D838D777}.Debug|Any CPU.Build.0 = Debug|Any CPU
		{9B2C26A7-828F-488D-A043-37C5D838D777}.Debug|Any CPU.Deploy.0 = Debug|Any CPU
		{9B2C26A7-828F-488D-A043-37C5D838D777}.Release|Any CPU.ActiveCfg = Release|Any CPU
		{9B2C26A7-828F-488D-A043-37C5D838D777}.Release|Any CPU.Build.0 = Release|Any CPU
		{9B2C26A7-828F-488D-A043-37C5D838D777}.Release|Any CPU.Deploy.0 = Release|Any CPU
		{94C70075-D61F-41F1-A3E1-0BBA1B196F30}.Debug|Any CPU.ActiveCfg = Debug|Any CPU
		{94C70075-D61F-41F1-A3E1-0BBA1B196F30}.Debug|Any CPU.Build.0 = Debug|Any CPU
		{94C70075-D61F-41F1-A3E1-0BBA1B196F30}.Release|Any CPU.ActiveCfg = Release|Any CPU
		{94C70075-D61F-41F1-A3E1-0BBA1B196F30}.Release|Any CPU.Build.0 = Release|Any CPU
		{FB6CFCB7-F25D-4868-9BD5-E2574B690B16}.Debug|Any CPU.ActiveCfg = Debug|Any CPU
		{FB6CFCB7-F25D-4868-9BD5-E2574B690B16}.Debug|Any CPU.Build.0 = Debug|Any CPU
		{FB6CFCB7-F25D-4868-9BD5-E2574B690B16}.Release|Any CPU.ActiveCfg = Release|Any CPU
		{FB6CFCB7-F25D-4868-9BD5-E2574B690B16}.Release|Any CPU.Build.0 = Release|Any CPU
		{41C4F218-6D1C-43EC-B18B-425B888D47D0}.Debug|Any CPU.ActiveCfg = Debug|Any CPU
		{41C4F218-6D1C-43EC-B18B-425B888D47D0}.Debug|Any CPU.Build.0 = Debug|Any CPU
		{41C4F218-6D1C-43EC-B18B-425B888D47D0}.Release|Any CPU.ActiveCfg = Release|Any CPU
		{41C4F218-6D1C-43EC-B18B-425B888D47D0}.Release|Any CPU.Build.0 = Release|Any CPU
		{AEB1FDA7-F02B-45DE-ADDB-F7C4426C1F9A}.Debug|Any CPU.ActiveCfg = Debug|Any CPU
		{AEB1FDA7-F02B-45DE-ADDB-F7C4426C1F9A}.Debug|Any CPU.Build.0 = Debug|Any CPU
		{AEB1FDA7-F02B-45DE-ADDB-F7C4426C1F9A}.Release|Any CPU.ActiveCfg = Release|Any CPU
		{AEB1FDA7-F02B-45DE-ADDB-F7C4426C1F9A}.Release|Any CPU.Build.0 = Release|Any CPU
		{8E9BDCD0-1526-463A-8634-8A8D500C44A7}.Debug|Any CPU.ActiveCfg = Debug|Any CPU
		{8E9BDCD0-1526-463A-8634-8A8D500C44A7}.Debug|Any CPU.Build.0 = Debug|Any CPU
		{8E9BDCD0-1526-463A-8634-8A8D500C44A7}.Release|Any CPU.ActiveCfg = Release|Any CPU
		{8E9BDCD0-1526-463A-8634-8A8D500C44A7}.Release|Any CPU.Build.0 = Release|Any CPU
	EndGlobalSection
	GlobalSection(SolutionProperties) = preSolution
		HideSolutionNode = FALSE
	EndGlobalSection
	GlobalSection(NestedProjects) = preSolution
		{9B2C26A7-828F-488D-A043-37C5D838D777} = {8EB54FEE-4199-40D7-B28B-1E4EACE4625A}
		{94C70075-D61F-41F1-A3E1-0BBA1B196F30} = {8EB54FEE-4199-40D7-B28B-1E4EACE4625A}
		{E8FC31E0-73DB-43E7-9E58-91A32BD5ACD6} = {E7AD13C3-52AC-4B2B-B228-78AC42CB541A}
		{FB6CFCB7-F25D-4868-9BD5-E2574B690B16} = {8EB54FEE-4199-40D7-B28B-1E4EACE4625A}
		{41C4F218-6D1C-43EC-B18B-425B888D47D0} = {DD951D54-0040-4EAD-A52D-A745BC0989FD}
		{AEB1FDA7-F02B-45DE-ADDB-F7C4426C1F9A} = {DD951D54-0040-4EAD-A52D-A745BC0989FD}
		{8E9BDCD0-1526-463A-8634-8A8D500C44A7} = {DD951D54-0040-4EAD-A52D-A745BC0989FD}
	EndGlobalSection
	GlobalSection(ExtensibilityGlobals) = postSolution
		SolutionGuid = {E4B0EC89-1525-4542-A15B-E751BEE42D9F}
	EndGlobalSection
EndGlobal
